
Microsoft Visual Studio Solution File, Format Version 12.00
# Visual Studio Version 17
VisualStudioVersion = 17.9.34902.65
MinimumVisualStudioVersion = 10.0.40219.1
Project("{FAE04EC0-301F-11D3-BF4B-00C04F79EFBC}") = "2_tasks_Stack", "2_tasks_Stack\2_tasks_Stack.csproj", "{77CFA676-BF16-45BF-BEB9-09DC7A86477D}"
EndProject
Global
	GlobalSection(SolutionConfigurationPlatforms) = preSolution
		Debug|Any CPU = Debug|Any CPU
		Release|Any CPU = Release|Any CPU
	EndGlobalSection
	GlobalSection(ProjectConfigurationPlatforms) = postSolution
		{77CFA676-BF16-45BF-BEB9-09DC7A86477D}.Debug|Any CPU.ActiveCfg = Debug|Any CPU
		{77CFA676-BF16-45BF-BEB9-09DC7A86477D}.Debug|Any CPU.Build.0 = Debug|Any CPU
		{77CFA676-BF16-45BF-BEB9-09DC7A86477D}.Release|Any CPU.ActiveCfg = Release|Any CPU
		{77CFA676-BF16-45BF-BEB9-09DC7A86477D}.Release|Any CPU.Build.0 = Release|Any CPU
	EndGlobalSection
	GlobalSection(SolutionProperties) = preSolution
		HideSolutionNode = FALSE
	EndGlobalSection
	GlobalSection(ExtensibilityGlobals) = postSolution
		SolutionGuid = {327A8872-804F-4823-82F7-5A208F27C33F}
	EndGlobalSection
EndGlobal
